
Microsoft Visual Studio Solution File, Format Version 12.00
# Visual Studio Version 17
VisualStudioVersion = 17.14.36414.22 d17.14
MinimumVisualStudioVersion = 10.0.40219.1
Project("{FAE04EC0-301F-11D3-BF4B-00C04F79EFBC}") = "CrudPersonasDiego", "CrudPersonasDiego.csproj", "{717D51E3-CBA2-3F67-B371-139C83F2DCE7}"
EndProject
Global
	GlobalSection(SolutionConfigurationPlatforms) = preSolution
		Debug|Any CPU = Debug|Any CPU
		Release|Any CPU = Release|Any CPU
	EndGlobalSection
	GlobalSection(ProjectConfigurationPlatforms) = postSolution
		{717D51E3-CBA2-3F67-B371-139C83F2DCE7}.Debug|Any CPU.ActiveCfg = Debug|Any CPU
		{717D51E3-CBA2-3F67-B371-139C83F2DCE7}.Debug|Any CPU.Build.0 = Debug|Any CPU
		{717D51E3-CBA2-3F67-B371-139C83F2DCE7}.Release|Any CPU.ActiveCfg = Release|Any CPU
		{717D51E3-CBA2-3F67-B371-139C83F2DCE7}.Release|Any CPU.Build.0 = Release|Any CPU
	EndGlobalSection
	GlobalSection(SolutionProperties) = preSolution
		HideSolutionNode = FALSE
	EndGlobalSection
	GlobalSection(ExtensibilityGlobals) = postSolution
		SolutionGuid = {F8401EDA-5363-427E-9B33-0B7CF1254028}
	EndGlobalSection
EndGlobal
